
Microsoft Visual Studio Solution File, Format Version 12.00
# Visual Studio Version 16
VisualStudioVersion = 16.0.31112.23
MinimumVisualStudioVersion = 10.0.40219.1
Project("{FAE04EC0-301F-11D3-BF4B-00C04F79EFBC}") = "Task01", "Task01\Task01.csproj", "{3E05DC2C-47C7-4D71-9517-4DB1DF16509B}"
EndProject
Project("{FAE04EC0-301F-11D3-BF4B-00C04F79EFBC}") = "Task02", "Task02\Task02.csproj", "{12B8F9D9-DF77-4E61-B91F-DA56D34AEF25}"
EndProject
Project("{FAE04EC0-301F-11D3-BF4B-00C04F79EFBC}") = "Task03", "Task03\Task03.csproj", "{226C20C7-5618-4951-9857-0B555A8FB7FB}"
EndProject
Project("{FAE04EC0-301F-11D3-BF4B-00C04F79EFBC}") = "Task03.1", "Task03.1\Task03.1.csproj", "{6C394B72-412D-403B-B4B9-6A3225A13262}"
EndProject
Project("{FAE04EC0-301F-11D3-BF4B-00C04F79EFBC}") = "Task01.1", "Task01.1\Task01.1.csproj", "{347018E4-BD3B-4145-98DC-FE688EF856E1}"
EndProject
Project("{FAE04EC0-301F-11D3-BF4B-00C04F79EFBC}") = "ClassExercise7", "ClassExercise7\ClassExercise7.csproj", "{ACB2E094-4DA9-4661-9020-AEB8AE90BEB8}"
EndProject
Project("{FAE04EC0-301F-11D3-BF4B-00C04F79EFBC}") = "ClassExercise6", "ClassExercise6\ClassExercise6.csproj", "{BAA72958-2D39-443B-873F-BD679A5DEAFE}"
EndProject
Global
	GlobalSection(SolutionConfigurationPlatforms) = preSolution
		Debug|Any CPU = Debug|Any CPU
		Release|Any CPU = Release|Any CPU
	EndGlobalSection
	GlobalSection(ProjectConfigurationPlatforms) = postSolution
		{3E05DC2C-47C7-4D71-9517-4DB1DF16509B}.Debug|Any CPU.ActiveCfg = Debug|Any CPU
		{3E05DC2C-47C7-4D71-9517-4DB1DF16509B}.Debug|Any CPU.Build.0 = Debug|Any CPU
		{3E05DC2C-47C7-4D71-9517-4DB1DF16509B}.Release|Any CPU.ActiveCfg = Release|Any CPU
		{3E05DC2C-47C7-4D71-9517-4DB1DF16509B}.Release|Any CPU.Build.0 = Release|Any CPU
		{12B8F9D9-DF77-4E61-B91F-DA56D34AEF25}.Debug|Any CPU.ActiveCfg = Debug|Any CPU
		{12B8F9D9-DF77-4E61-B91F-DA56D34AEF25}.Debug|Any CPU.Build.0 = Debug|Any CPU
		{12B8F9D9-DF77-4E61-B91F-DA56D34AEF25}.Release|Any CPU.ActiveCfg = Release|Any CPU
		{12B8F9D9-DF77-4E61-B91F-DA56D34AEF25}.Release|Any CPU.Build.0 = Release|Any CPU
		{226C20C7-5618-4951-9857-0B555A8FB7FB}.Debug|Any CPU.ActiveCfg = Debug|Any CPU
		{226C20C7-5618-4951-9857-0B555A8FB7FB}.Debug|Any CPU.Build.0 = Debug|Any CPU
		{226C20C7-5618-4951-9857-0B555A8FB7FB}.Release|Any CPU.ActiveCfg = Release|Any CPU
		{226C20C7-5618-4951-9857-0B555A8FB7FB}.Release|Any CPU.Build.0 = Release|Any CPU
		{6C394B72-412D-403B-B4B9-6A3225A13262}.Debug|Any CPU.ActiveCfg = Debug|Any CPU
		{6C394B72-412D-403B-B4B9-6A3225A13262}.Debug|Any CPU.Build.0 = Debug|Any CPU
		{6C394B72-412D-403B-B4B9-6A3225A13262}.Release|Any CPU.ActiveCfg = Release|Any CPU
		{6C394B72-412D-403B-B4B9-6A3225A13262}.Release|Any CPU.Build.0 = Release|Any CPU
		{347018E4-BD3B-4145-98DC-FE688EF856E1}.Debug|Any CPU.ActiveCfg = Debug|Any CPU
		{347018E4-BD3B-4145-98DC-FE688EF856E1}.Debug|Any CPU.Build.0 = Debug|Any CPU
		{347018E4-BD3B-4145-98DC-FE688EF856E1}.Release|Any CPU.ActiveCfg = Release|Any CPU
		{347018E4-BD3B-4145-98DC-FE688EF856E1}.Release|Any CPU.Build.0 = Release|Any CPU
		{ACB2E094-4DA9-4661-9020-AEB8AE90BEB8}.Debug|Any CPU.ActiveCfg = Debug|Any CPU
		{ACB2E094-4DA9-4661-9020-AEB8AE90BEB8}.Debug|Any CPU.Build.0 = Debug|Any CPU
		{ACB2E094-4DA9-4661-9020-AEB8AE90BEB8}.Release|Any CPU.ActiveCfg = Release|Any CPU
		{ACB2E094-4DA9-4661-9020-AEB8AE90BEB8}.Release|Any CPU.Build.0 = Release|Any CPU
		{BAA72958-2D39-443B-873F-BD679A5DEAFE}.Debug|Any CPU.ActiveCfg = Debug|Any CPU
		{BAA72958-2D39-443B-873F-BD679A5DEAFE}.Debug|Any CPU.Build.0 = Debug|Any CPU
		{BAA72958-2D39-443B-873F-BD679A5DEAFE}.Release|Any CPU.ActiveCfg = Release|Any CPU
		{BAA72958-2D39-443B-873F-BD679A5DEAFE}.Release|Any CPU.Build.0 = Release|Any CPU
	EndGlobalSection
	GlobalSection(SolutionProperties) = preSolution
		HideSolutionNode = FALSE
	EndGlobalSection
	GlobalSection(ExtensibilityGlobals) = postSolution
		SolutionGuid = {A661D584-CFF8-4753-812F-B3ED900C3E3B}
	EndGlobalSection
EndGlobal
